{
    "_meta": {
        "hash": {
            "sha256": "d89a14ca6d8b557e3b2b05f4932c180ee40fdfd5b2cbc8b5537b42849da7bcc9"
        },
        "pipfile-spec": 6,
        "requires": {
            "python_version": "3.7"
        },
        "sources": [
            {
                "name": "pypi",
                "url": "https://pypi.org/simple",
                "verify_ssl": true
            }
        ]
    },
    "default": {
        "django": {
            "hashes": [
                "sha256:4d23f61b26892bac785f07401bc38cbf8fa4cec993f400e9cd9ddf28fd51c0ea",
                "sha256:6e974d4b57e3b29e4882b244d40171d6a75202ab8d2402b8e8adbd182e25cf0c"
            ],
            "index": "pypi",
            "version": "==2.2.3"
        },
        "django-debug-toolbar": {
            "hashes": [
                "sha256:17c53cd6bf4e7d69902aedf9a1d26c5d3b7369b54c5718744704f27b5a72f35d",
                "sha256:9a23ada2e43cd989195db3c18710b5d7451134a0d48127ab64c1d2ad81700342"
            ],
            "index": "pypi",
            "version": "==2.0"
        },
        "django-redis": {
            "hashes": [
                "sha256:af0b393864e91228dd30d8c85b5c44d670b5524cb161b7f9e41acc98b6e5ace7",
                "sha256:f46115577063d00a890867c6964ba096057f07cb756e78e0503b89cd18e4e083"
            ],
            "index": "pypi",
            "version": "==4.10.0"
        },
        "pillow": {
            "hashes": [
                "sha256:01bb0a34f1a6689b138c0089d670ae2e8f886d2666a9b2f2019031abdea673c4",
                "sha256:07872f1d8421db5a3fe770f7480835e5e90fddb58f36c216d4a2ac0d594de474",
                "sha256:1022f8f6dc3c5b0dcf928f1c49ba2ac73051f576af100d57776e2b65c1f76a8d",
                "sha256:14415e9e28410232370615dbde0cf0a00e526f522f665460344a5b96973a3086",
                "sha256:172acfaf00434a28dddfe592d83f2980e22e63c769ff4a448ddf7b7a38ffd165",
                "sha256:1c5e3c36f02c815766ae9dd91899b1c5b4652f2a37b7a51609f3bd467c0f11fb",
                "sha256:292f2aa1ae5c5c1451cb4b558addb88c257411d3fd71c6cf45562911baffc979",
                "sha256:2a40d7d4b17db87f5b9a1efc0aff56000e1d0d5ece415090c102aafa0ccbe858",
                "sha256:2f0d7034d5faae9a8d1019d152ede924f653df2ce77d3bba4ce62cd21b5f94ae",
                "sha256:33fdbd4f5608c852d97264f9d2e3b54e9e9959083d008145175b86100b275e5b",
                "sha256:3b13d89d97b551e02549d1f0edf22bed6acfd6fd2e888cd1e9a953bf215f0e81",
                "sha256:3e759bcc03d6f39bc751e56d86bc87252b9a21c689a27c5ed753717a87d53a5b",
                "sha256:3ec87bd1248b23a2e4e19e774367fbe30fddc73913edc5f9b37470624f55dc1f",
                "sha256:436b0a2dd9fe3f7aa6a444af6bdf53c1eb8f5ced9ea3ef104daa83f0ea18e7bc",
                "sha256:43b3c859912e8bf754b3c5142df624794b18eb7ae07cfeddc917e1a9406a3ef2",
                "sha256:4fe74636ee71c57a7f65d7b21a9f127d842b4fb75511e5d256ace258826eb352",
                "sha256:59445af66b59cc39530b4f810776928d75e95f41e945f0c32a3de4aceb93c15d",
                "sha256:69da5b1d7102a61ce9b45deb2920a2012d52fd8f4201495ea9411d0071b0ec22",
                "sha256:7094bbdecb95ebe53166e4c12cf5e28310c2b550b08c07c5dc15433898e2238e",
                "sha256:8211cac9bf10461f9e33fe9a3af6c5131f3fdd0d10672afc2abb2c70cf95c5ca",
                "sha256:8cf77e458bd996dc85455f10fe443c0c946f5b13253773439bcbec08aa1aebc2",
                "sha256:924fc33cb4acaf6267b8ca3b8f1922620d57a28470d5e4f49672cea9a841eb08",
                "sha256:99ce3333b40b7a4435e0a18baad468d44ab118a4b1da0af0a888893d03253f1d",
                "sha256:a7d690b2c5f7e4a932374615fedceb1e305d2dd5363c1de15961725fe10e7d16",
                "sha256:b9af590adc1e46898a1276527f3cfe2da8048ae43fbbf9b1bf9395f6c99d9b47",
                "sha256:bb18422ad00c1fecc731d06592e99c3be2c634da19e26942ba2f13d805005cf2",
                "sha256:c10af40ee2f1a99e1ae755ab1f773916e8bca3364029a042cd9161c400416bd8",
                "sha256:c143c409e7bc1db784471fe9d0bf95f37c4458e879ad84cfae640cb74ee11a26",
                "sha256:c448d2b335e21951416a30cd48d35588d122a912d5fe9e41900afacecc7d21a1",
                "sha256:d30f30c044bdc0ab8f3924e1eeaac87e0ff8a27e87369c5cac4064b6ec78fd83",
                "sha256:df534e64d4f3e84e8f1e1a37da3f541555d947c1c1c09b32178537f0f243f69d",
                "sha256:f6fc18f9c9c7959bf58e6faf801d14fafb6d4717faaf6f79a68c8bb2a13dcf20",
                "sha256:ff83dfeb04c98bb3e7948f876c17513a34e9a19fd92e292288649164924c1b39"
            ],
            "index": "pypi",
            "version": "==8.1.1"
        },
        "pycryptodomex": {
            "hashes": [
                "sha256:09f433a6ca4b96a4c89096af9eaa20c5d5e9029a03266f6a80062163d2042030",
                "sha256:0bb7686dd46d40cace053941638d2db4f9d86a50a62d6100f14157162e56e82f",
                "sha256:13ef8e8a26a9ac7ae84616e9c500ca0cf721d3725d740124f68dda1b58e7d408",
                "sha256:195b6540f31cbe3dc7bf3877177bb4fe1a145ce02191efdd0cb6399bff275d4b",
                "sha256:329ca5986c5e5f6a60edc3ff8b70c28d6cb259491e35e44870db6a8d92430e50",
                "sha256:42b2eccccb9da547e0ff140784037ea31c1a37012488706b51cbcadb885d2053",
                "sha256:4b2817bd02dd7dd36f223917f9bcc90d658bb66124bc596d7e3a0c250509acf7",
                "sha256:5b765870e17bf82a992f2ebb312207da76dbf8694ce865fee847005cce9244e4",
                "sha256:5d4e10ad9ff7940da534119ef92a500dcf7c28351d15e12d74ef0ce025e37d5b",
                "sha256:75186284b593df724451869035bfab4a03b6b388ed6eea284ad7fe84c9b64ea0",
                "sha256:77928b02c28adb4d1d637c609aba380d890fb40ad63c58c826bef871c84cf488",
                "sha256:7cd21c1a4dd0879dc3b289afeb0033a9382da7d0a50cb9de8d0e59c1ab0977a7",
                "sha256:83b7fe71fb9d27ff12df9dd3f57ea84153a86f45a674ee2b4763aaaf8ca84988",
                "sha256:8a67f26365ddad6ae53c0b3800edce16d164e675ee773de31c110624e63736d8",
                "sha256:8e08238f8d146caabf9d80cca09dd31323a333f74f62323aabd075e7effbc45c",
                "sha256:938af93204c93d1f576acdef970e95dfd0bbe40133f4bbf73c4b12b67f7bd4ed",
                "sha256:b2f33943f91c764f2b27a1504cd3ec2c075deb7d1b8fcc3ab4d575bede7037a8",
                "sha256:b7efd0ac8b38dfdf8b2d387e84b007c843a66de9da437a950a86caa2d1437e1e",
                "sha256:b95b14e5baaa4ca77ecb7a3d0f85fd13a8e31ada83c5a2bae5652d446414d63d",
                "sha256:bad0c66c42d16e81eef2199b3c4fb78c873f54c7f9d156e69664e2138155747c",
                "sha256:c384a85bede5396eed50f6c0374d8c51490fc10fdc65dffc8e613b57e5ab0ee0",
                "sha256:c58a324a8eb48f767abe8c906295d76e04330aa0a03d99dd58d9a42938ee0596",
                "sha256:d498731d66f9b9ad978c9a8018b0c6cfc4081e202a79c6e283ade7dcf2a72c18",
                "sha256:d516746fc25daff1c5e84d3f816d134d75a10e3551ffac92aa957a75b6b0208f",
                "sha256:ec51ea9f11b11df2719a01ea1cacdcf80858542a93f530a25a3bc742d0fe2f4b",
                "sha256:ef2792281138a29e54bdd7302fdab72be140192485dc622bb9e7e9a6f9cee4f9",
                "sha256:f79650ec8812b01f20aca503763b93b0b1b347423ecf9fd3a9ebb611bee84079"
            ],
            "version": "==3.7.2"
        },
        "pymysql": {
            "hashes": [
                "sha256:3943fbbbc1e902f41daf7f9165519f140c4451c179380677e6a848587042561a",
                "sha256:d8c059dcd81dedb85a9f034d5e22dcb4442c0b201908bede99e306d65ea7c8e7"
            ],
            "index": "pypi",
            "version": "==0.9.3"
        },
        "python-alipay-sdk": {
            "hashes": [
                "sha256:010a23ab641d4d94426e907bef0a66c04132dc4b246d2541fef37bce154b8b9e"
            ],
            "index": "pypi",
            "version": "==1.10.1"
        },
        "pytz": {
            "hashes": [
                "sha256:83a4a90894bf38e243cf052c8b58f381bfe9a7a483f6a9cab140bc7f702ac4da",
                "sha256:eb10ce3e7736052ed3623d49975ce333bcd712c7bb19a58b9e2089d4057d0798"
            ],
            "version": "==2021.1"
        },
        "redis": {
            "hashes": [
                "sha256:0e7e0cfca8660dea8b7d5cd8c4f6c5e29e11f31158c0b0ae91a397f00e5a05a2",
                "sha256:432b788c4530cfe16d8d943a09d40ca6c16149727e4afe8c2c9d5580c59d9f24"
            ],
            "version": "==3.5.3"
        },
        "sqlparse": {
            "hashes": [
                "sha256:017cde379adbd6a1f15a61873f43e8274179378e95ef3fede90b5aa64d304ed0",
                "sha256:0f91fd2e829c44362cbcfab3e9ae12e22badaa8a29ad5ff599f9ec109f0454e8"
            ],
            "version": "==0.4.1"
        }
    },
    "develop": {}
}
